// !$*UTF8*$!
{
	archiveVersion = 1;
	classes = {
	};
	objectVersion = 55;
	objects = {

/* Begin PBXBuildFile section */
		3C00286C283ABC3600155250 /* AppDelegate.swift in Sources */ = {isa = PBXBuildFile; fileRef = 3C00286B283ABC3600155250 /* AppDelegate.swift */; };
		3C00286E283ABC3600155250 /* SceneDelegate.swift in Sources */ = {isa = PBXBuildFile; fileRef = 3C00286D283ABC3600155250 /* SceneDelegate.swift */; };
		3C002870283ABC3600155250 /* MainViewController.swift in Sources */ = {isa = PBXBuildFile; fileRef = 3C00286F283ABC3600155250 /* MainViewController.swift */; };
		3C002875283ABC3A00155250 /* Assets.xcassets in Resources */ = {isa = PBXBuildFile; fileRef = 3C002874283ABC3A00155250 /* Assets.xcassets */; };
		3C002878283ABC3A00155250 /* LaunchScreen.storyboard in Resources */ = {isa = PBXBuildFile; fileRef = 3C002876283ABC3A00155250 /* LaunchScreen.storyboard */; };
		3C002885283AD23F00155250 /* UIStackView + Extension.swift in Sources */ = {isa = PBXBuildFile; fileRef = 3C002884283AD23F00155250 /* UIStackView + Extension.swift */; };
		3C002887283AD62700155250 /* UILabel + Extension.swift in Sources */ = {isa = PBXBuildFile; fileRef = 3C002886283AD62700155250 /* UILabel + Extension.swift */; };
		3C002889283AD63700155250 /* UIButton + Extension.swift in Sources */ = {isa = PBXBuildFile; fileRef = 3C002888283AD63700155250 /* UIButton + Extension.swift */; };
		3C00288B283B4CB900155250 /* GuessViewController.swift in Sources */ = {isa = PBXBuildFile; fileRef = 3C00288A283B4CB900155250 /* GuessViewController.swift */; };
		3C00288D283B568B00155250 /* UITextField + Extension.swift in Sources */ = {isa = PBXBuildFile; fileRef = 3C00288C283B568B00155250 /* UITextField + Extension.swift */; };
		3C00288F283B5ABE00155250 /* Validator.swift in Sources */ = {isa = PBXBuildFile; fileRef = 3C00288E283B5ABE00155250 /* Validator.swift */; };
		3C002891283B5D8D00155250 /* Storage.swift in Sources */ = {isa = PBXBuildFile; fileRef = 3C002890283B5D8D00155250 /* Storage.swift */; };
		3C002893283B756A00155250 /* ComputerGuessViewController.swift in Sources */ = {isa = PBXBuildFile; fileRef = 3C002892283B756A00155250 /* ComputerGuessViewController.swift */; };
		3C002895283B757F00155250 /* UserGuessViewController.swift in Sources */ = {isa = PBXBuildFile; fileRef = 3C002894283B757F00155250 /* UserGuessViewController.swift */; };
		3C002897283B758E00155250 /* ScoreViewController.swift in Sources */ = {isa = PBXBuildFile; fileRef = 3C002896283B758E00155250 /* ScoreViewController.swift */; };
/* End PBXBuildFile section */

/* Begin PBXFileReference section */
		3C002868283ABC3600155250 /* Guessing Game.app */ = {isa = PBXFileReference; explicitFileType = wrapper.application; includeInIndex = 0; path = "Guessing Game.app"; sourceTree = BUILT_PRODUCTS_DIR; };
		3C00286B283ABC3600155250 /* AppDelegate.swift */ = {isa = PBXFileReference; lastKnownFileType = sourcecode.swift; path = AppDelegate.swift; sourceTree = "<group>"; };
		3C00286D283ABC3600155250 /* SceneDelegate.swift */ = {isa = PBXFileReference; lastKnownFileType = sourcecode.swift; path = SceneDelegate.swift; sourceTree = "<group>"; };
		3C00286F283ABC3600155250 /* MainViewController.swift */ = {isa = PBXFileReference; lastKnownFileType = sourcecode.swift; path = MainViewController.swift; sourceTree = "<group>"; };
		3C002874283ABC3A00155250 /* Assets.xcassets */ = {isa = PBXFileReference; lastKnownFileType = folder.assetcatalog; path = Assets.xcassets; sourceTree = "<group>"; };
		3C002877283ABC3A00155250 /* Base */ = {isa = PBXFileReference; lastKnownFileType = file.storyboard; name = Base; path = Base.lproj/LaunchScreen.storyboard; sourceTree = "<group>"; };
		3C002879283ABC3A00155250 /* Info.plist */ = {isa = PBXFileReference; lastKnownFileType = text.plist.xml; path = Info.plist; sourceTree = "<group>"; };
		3C002884283AD23F00155250 /* UIStackView + Extension.swift */ = {isa = PBXFileReference; lastKnownFileType = sourcecode.swift; path = "UIStackView + Extension.swift"; sourceTree = "<group>"; };
		3C002886283AD62700155250 /* UILabel + Extension.swift */ = {isa = PBXFileReference; lastKnownFileType = sourcecode.swift; path = "UILabel + Extension.swift"; sourceTree = "<group>"; };
		3C002888283AD63700155250 /* UIButton + Extension.swift */ = {isa = PBXFileReference; lastKnownFileType = sourcecode.swift; path = "UIButton + Extension.swift"; sourceTree = "<group>"; };
		3C00288A283B4CB900155250 /* GuessViewController.swift */ = {isa = PBXFileReference; lastKnownFileType = sourcecode.swift; path = GuessViewController.swift; sourceTree = "<group>"; };
		3C00288C283B568B00155250 /* UITextField + Extension.swift */ = {isa = PBXFileReference; lastKnownFileType = sourcecode.swift; path = "UITextField + Extension.swift"; sourceTree = "<group>"; };
		3C00288E283B5ABE00155250 /* Validator.swift */ = {isa = PBXFileReference; lastKnownFileType = sourcecode.swift; path = Validator.swift; sourceTree = "<group>"; };
		3C002890283B5D8D00155250 /* Storage.swift */ = {isa = PBXFileReference; lastKnownFileType = sourcecode.swift; path = Storage.swift; sourceTree = "<group>"; };
		3C002892283B756A00155250 /* ComputerGuessViewController.swift */ = {isa = PBXFileReference; lastKnownFileType = sourcecode.swift; path = ComputerGuessViewController.swift; sourceTree = "<group>"; };
		3C002894283B757F00155250 /* UserGuessViewController.swift */ = {isa = PBXFileReference; lastKnownFileType = sourcecode.swift; path = UserGuessViewController.swift; sourceTree = "<group>"; };
		3C002896283B758E00155250 /* ScoreViewController.swift */ = {isa = PBXFileReference; lastKnownFileType = sourcecode.swift; path = ScoreViewController.swift; sourceTree = "<group>"; };
/* End PBXFileReference section */

/* Begin PBXFrameworksBuildPhase section */
		3C002865283ABC3600155250 /* Frameworks */ = {
			isa = PBXFrameworksBuildPhase;
			buildActionMask = 2147483647;
			files = (
			);
			runOnlyForDeploymentPostprocessing = 0;
		};
/* End PBXFrameworksBuildPhase section */

/* Begin PBXGroup section */
		3C00285F283ABC3600155250 = {
			isa = PBXGroup;
			children = (
				3C00286A283ABC3600155250 /* Guessing Game */,
				3C002869283ABC3600155250 /* Products */,
			);
			sourceTree = "<group>";
		};
		3C002869283ABC3600155250 /* Products */ = {
			isa = PBXGroup;
			children = (
				3C002868283ABC3600155250 /* Guessing Game.app */,
			);
			name = Products;
			sourceTree = "<group>";
		};
		3C00286A283ABC3600155250 /* Guessing Game */ = {
			isa = PBXGroup;
			children = (
				3C00287F283AD0FA00155250 /* Application */,
				3C002882283AD18100155250 /* Model */,
				3C002880283AD10900155250 /* Controllers */,
				3C002883283AD20F00155250 /* Extensions */,
				3C002881283AD11E00155250 /* Resources */,
			);
			path = "Guessing Game";
			sourceTree = "<group>";
		};
		3C00287F283AD0FA00155250 /* Application */ = {
			isa = PBXGroup;
			children = (
				3C00286B283ABC3600155250 /* AppDelegate.swift */,
				3C00286D283ABC3600155250 /* SceneDelegate.swift */,
			);
			path = Application;
			sourceTree = "<group>";
		};
		3C002880283AD10900155250 /* Controllers */ = {
			isa = PBXGroup;
			children = (
				3C00286F283ABC3600155250 /* MainViewController.swift */,
				3C00288A283B4CB900155250 /* GuessViewController.swift */,
				3C002892283B756A00155250 /* ComputerGuessViewController.swift */,
				3C002894283B757F00155250 /* UserGuessViewController.swift */,
				3C002896283B758E00155250 /* ScoreViewController.swift */,
			);
			path = Controllers;
			sourceTree = "<group>";
		};
		3C002881283AD11E00155250 /* Resources */ = {
			isa = PBXGroup;
			children = (
				3C002874283ABC3A00155250 /* Assets.xcassets */,
				3C002876283ABC3A00155250 /* LaunchScreen.storyboard */,
				3C002879283ABC3A00155250 /* Info.plist */,
			);
			path = Resources;
			sourceTree = "<group>";
		};
		3C002882283AD18100155250 /* Model */ = {
			isa = PBXGroup;
			children = (
				3C00288E283B5ABE00155250 /* Validator.swift */,
				3C002890283B5D8D00155250 /* Storage.swift */,
			);
			path = Model;
			sourceTree = "<group>";
		};
		3C002883283AD20F00155250 /* Extensions */ = {
			isa = PBXGroup;
			children = (
				3C002884283AD23F00155250 /* UIStackView + Extension.swift */,
				3C002886283AD62700155250 /* UILabel + Extension.swift */,
				3C002888283AD63700155250 /* UIButton + Extension.swift */,
				3C00288C283B568B00155250 /* UITextField + Extension.swift */,
			);
			path = Extensions;
			sourceTree = "<group>";
		};
/* End PBXGroup section */

/* Begin PBXNativeTarget section */
		3C002867283ABC3600155250 /* Guessing Game */ = {
			isa = PBXNativeTarget;
			buildConfigurationList = 3C00287C283ABC3A00155250 /* Build configuration list for PBXNativeTarget "Guessing Game" */;
			buildPhases = (
				3C002864283ABC3600155250 /* Sources */,
				3C002865283ABC3600155250 /* Frameworks */,
				3C002866283ABC3600155250 /* Resources */,
			);
			buildRules = (
			);
			dependencies = (
			);
			name = "Guessing Game";
			productName = "Guessing Game";
			productReference = 3C002868283ABC3600155250 /* Guessing Game.app */;
			productType = "com.apple.product-type.application";
		};
/* End PBXNativeTarget section */

/* Begin PBXProject section */
		3C002860283ABC3600155250 /* Project object */ = {
			isa = PBXProject;
			attributes = {
				BuildIndependentTargetsInParallel = 1;
				LastSwiftUpdateCheck = 1330;
				LastUpgradeCheck = 1330;
				TargetAttributes = {
					3C002867283ABC3600155250 = {
						CreatedOnToolsVersion = 13.3.1;
					};
				};
			};
			buildConfigurationList = 3C002863283ABC3600155250 /* Build configuration list for PBXProject "Guessing Game" */;
			compatibilityVersion = "Xcode 13.0";
			developmentRegion = en;
			hasScannedForEncodings = 0;
			knownRegions = (
				en,
				Base,
			);
			mainGroup = 3C00285F283ABC3600155250;
			productRefGroup = 3C002869283ABC3600155250 /* Products */;
			projectDirPath = "";
			projectRoot = "";
			targets = (
				3C002867283ABC3600155250 /* Guessing Game */,
			);
		};
/* End PBXProject section */

/* Begin PBXResourcesBuildPhase section */
		3C002866283ABC3600155250 /* Resources */ = {
			isa = PBXResourcesBuildPhase;
			buildActionMask = 2147483647;
			files = (
				3C002878283ABC3A00155250 /* LaunchScreen.storyboard in Resources */,
				3C002875283ABC3A00155250 /* Assets.xcassets in Resources */,
			);
			runOnlyForDeploymentPostprocessing = 0;
		};
/* End PBXResourcesBuildPhase section */

/* Begin PBXSourcesBuildPhase section */
		3C002864283ABC3600155250 /* Sources */ = {
			isa = PBXSourcesBuildPhase;
			buildActionMask = 2147483647;
			files = (
				3C002870283ABC3600155250 /* MainViewController.swift in Sources */,
				3C002895283B757F00155250 /* UserGuessViewController.swift in Sources */,
				3C00288F283B5ABE00155250 /* Validator.swift in Sources */,
				3C002887283AD62700155250 /* UILabel + Extension.swift in Sources */,
				3C00288B283B4CB900155250 /* GuessViewController.swift in Sources */,
				3C002897283B758E00155250 /* ScoreViewController.swift in Sources */,
				3C00286C283ABC3600155250 /* AppDelegate.swift in Sources */,
				3C00286E283ABC3600155250 /* SceneDelegate.swift in Sources */,
				3C002885283AD23F00155250 /* UIStackView + Extension.swift in Sources */,
				3C002889283AD63700155250 /* UIButton + Extension.swift in Sources */,
				3C00288D283B568B00155250 /* UITextField + Extension.swift in Sources */,
				3C002891283B5D8D00155250 /* Storage.swift in Sources */,
				3C002893283B756A00155250 /* ComputerGuessViewController.swift in Sources */,
			);
			runOnlyForDeploymentPostprocessing = 0;
		};
/* End PBXSourcesBuildPhase section */

/* Begin PBXVariantGroup section */
		3C002876283ABC3A00155250 /* LaunchScreen.storyboard */ = {
			isa = PBXVariantGroup;
			children = (
				3C002877283ABC3A00155250 /* Base */,
			);
			name = LaunchScreen.storyboard;
			sourceTree = "<group>";
		};
/* End PBXVariantGroup section */

/* Begin XCBuildConfiguration section */
		3C00287A283ABC3A00155250 /* Debug */ = {
			isa = XCBuildConfiguration;
			buildSettings = {
				ALWAYS_SEARCH_USER_PATHS = NO;
				CLANG_ANALYZER_NONNULL = YES;
				CLANG_ANALYZER_NUMBER_OBJECT_CONVERSION = YES_AGGRESSIVE;
				CLANG_CXX_LANGUAGE_STANDARD = "gnu++17";
				CLANG_ENABLE_MODULES = YES;
				CLANG_ENABLE_OBJC_ARC = YES;
				CLANG_ENABLE_OBJC_WEAK = YES;
				CLANG_WARN_BLOCK_CAPTURE_AUTORELEASING = YES;
				CLANG_WARN_BOOL_CONVERSION = YES;
				CLANG_WARN_COMMA = YES;
				CLANG_WARN_CONSTANT_CONVERSION = YES;
				CLANG_WARN_DEPRECATED_OBJC_IMPLEMENTATIONS = YES;
				CLANG_WARN_DIRECT_OBJC_ISA_USAGE = YES_ERROR;
				CLANG_WARN_DOCUMENTATION_COMMENTS = YES;
				CLANG_WARN_EMPTY_BODY = YES;
				CLANG_WARN_ENUM_CONVERSION = YES;
				CLANG_WARN_INFINITE_RECURSION = YES;
				CLANG_WARN_INT_CONVERSION = YES;
				CLANG_WARN_NON_LITERAL_NULL_CONVERSION = YES;
				CLANG_WARN_OBJC_IMPLICIT_RETAIN_SELF = YES;
				CLANG_WARN_OBJC_LITERAL_CONVERSION = YES;
				CLANG_WARN_OBJC_ROOT_CLASS = YES_ERROR;
				CLANG_WARN_QUOTED_INCLUDE_IN_FRAMEWORK_HEADER = YES;
				CLANG_WARN_RANGE_LOOP_ANALYSIS = YES;
				CLANG_WARN_STRICT_PROTOTYPES = YES;
				CLANG_WARN_SUSPICIOUS_MOVE = YES;
				CLANG_WARN_UNGUARDED_AVAILABILITY = YES_AGGRESSIVE;
				CLANG_WARN_UNREACHABLE_CODE = YES;
				CLANG_WARN__DUPLICATE_METHOD_MATCH = YES;
				COPY_PHASE_STRIP = NO;
				DEBUG_INFORMATION_FORMAT = dwarf;
				ENABLE_STRICT_OBJC_MSGSEND = YES;
				ENABLE_TESTABILITY = YES;
				GCC_C_LANGUAGE_STANDARD = gnu11;
				GCC_DYNAMIC_NO_PIC = NO;
				GCC_NO_COMMON_BLOCKS = YES;
				GCC_OPTIMIZATION_LEVEL = 0;
				GCC_PREPROCESSOR_DEFINITIONS = (
					"DEBUG=1",
					"$(inherited)",
				);
				GCC_WARN_64_TO_32_BIT_CONVERSION = YES;
				GCC_WARN_ABOUT_RETURN_TYPE = YES_ERROR;
				GCC_WARN_UNDECLARED_SELECTOR = YES;
				GCC_WARN_UNINITIALIZED_AUTOS = YES_AGGRESSIVE;
				GCC_WARN_UNUSED_FUNCTION = YES;
				GCC_WARN_UNUSED_VARIABLE = YES;
				IPHONEOS_DEPLOYMENT_TARGET = 15.4;
				MTL_ENABLE_DEBUG_INFO = INCLUDE_SOURCE;
				MTL_FAST_MATH = YES;
				ONLY_ACTIVE_ARCH = YES;
				SDKROOT = iphoneos;
				SWIFT_ACTIVE_COMPILATION_CONDITIONS = DEBUG;
				SWIFT_OPTIMIZATION_LEVEL = "-Onone";
			};
			name = Debug;
		};
		3C00287B283ABC3A00155250 /* Release */ = {
			isa = XCBuildConfiguration;
			buildSettings = {
				ALWAYS_SEARCH_USER_PATHS = NO;
				CLANG_ANALYZER_NONNULL = YES;
				CLANG_ANALYZER_NUMBER_OBJECT_CONVERSION = YES_AGGRESSIVE;
				CLANG_CXX_LANGUAGE_STANDARD = "gnu++17";
				CLANG_ENABLE_MODULES = YES;
				CLANG_ENABLE_OBJC_ARC = YES;
				CLANG_ENABLE_OBJC_WEAK = YES;
				CLANG_WARN_BLOCK_CAPTURE_AUTORELEASING = YES;
				CLANG_WARN_BOOL_CONVERSION = YES;
				CLANG_WARN_COMMA = YES;
				CLANG_WARN_CONSTANT_CONVERSION = YES;
				CLANG_WARN_DEPRECATED_OBJC_IMPLEMENTATIONS = YES;
				CLANG_WARN_DIRECT_OBJC_ISA_USAGE = YES_ERROR;
				CLANG_WARN_DOCUMENTATION_COMMENTS = YES;
				CLANG_WARN_EMPTY_BODY = YES;
				CLANG_WARN_ENUM_CONVERSION = YES;
				CLANG_WARN_INFINITE_RECURSION = YES;
				CLANG_WARN_INT_CONVERSION = YES;
				CLANG_WARN_NON_LITERAL_NULL_CONVERSION = YES;
				CLANG_WARN_OBJC_IMPLICIT_RETAIN_SELF = YES;
				CLANG_WARN_OBJC_LITERAL_CONVERSION = YES;
				CLANG_WARN_OBJC_ROOT_CLASS = YES_ERROR;
				CLANG_WARN_QUOTED_INCLUDE_IN_FRAMEWORK_HEADER = YES;
				CLANG_WARN_RANGE_LOOP_ANALYSIS = YES;
				CLANG_WARN_STRICT_PROTOTYPES = YES;
				CLANG_WARN_SUSPICIOUS_MOVE = YES;
				CLANG_WARN_UNGUARDED_AVAILABILITY = YES_AGGRESSIVE;
				CLANG_WARN_UNREACHABLE_CODE = YES;
				CLANG_WARN__DUPLICATE_METHOD_MATCH = YES;
				COPY_PHASE_STRIP = NO;
				DEBUG_INFORMATION_FORMAT = "dwarf-with-dsym";
				ENABLE_NS_ASSERTIONS = NO;
				ENABLE_STRICT_OBJC_MSGSEND = YES;
				GCC_C_LANGUAGE_STANDARD = gnu11;
				GCC_NO_COMMON_BLOCKS = YES;
				GCC_WARN_64_TO_32_BIT_CONVERSION = YES;
				GCC_WARN_ABOUT_RETURN_TYPE = YES_ERROR;
				GCC_WARN_UNDECLARED_SELECTOR = YES;
				GCC_WARN_UNINITIALIZED_AUTOS = YES_AGGRESSIVE;
				GCC_WARN_UNUSED_FUNCTION = YES;
				GCC_WARN_UNUSED_VARIABLE = YES;
				IPHONEOS_DEPLOYMENT_TARGET = 15.4;
				MTL_ENABLE_DEBUG_INFO = NO;
				MTL_FAST_MATH = YES;
				SDKROOT = iphoneos;
				SWIFT_COMPILATION_MODE = wholemodule;
				SWIFT_OPTIMIZATION_LEVEL = "-O";
				VALIDATE_PRODUCT = YES;
			};
			name = Release;
		};
		3C00287D283ABC3A00155250 /* Debug */ = {
			isa = XCBuildConfiguration;
			buildSettings = {
				ASSETCATALOG_COMPILER_APPICON_NAME = AppIcon;
				ASSETCATALOG_COMPILER_GLOBAL_ACCENT_COLOR_NAME = AccentColor;
				CODE_SIGN_STYLE = Automatic;
				CURRENT_PROJECT_VERSION = 1;
				DEVELOPMENT_TEAM = RQYPG8XK25;
				GENERATE_INFOPLIST_FILE = YES;
				INFOPLIST_FILE = "Guessing Game/Resources/Info.plist";
				INFOPLIST_KEY_UIApplicationSupportsIndirectInputEvents = YES;
				INFOPLIST_KEY_UILaunchStoryboardName = LaunchScreen;
				INFOPLIST_KEY_UISupportedInterfaceOrientations = UIInterfaceOrientationPortrait;
				INFOPLIST_KEY_UISupportedInterfaceOrientations_iPad = "UIInterfaceOrientationPortrait UIInterfaceOrientationPortraitUpsideDown UIInterfaceOrientationLandscapeLeft UIInterfaceOrientationLandscapeRight";
				INFOPLIST_KEY_UISupportedInterfaceOrientations_iPhone = "UIInterfaceOrientationPortrait UIInterfaceOrientationLandscapeLeft UIInterfaceOrientationLandscapeRight";
				IPHONEOS_DEPLOYMENT_TARGET = 13.0;
				LD_RUNPATH_SEARCH_PATHS = (
					"$(inherited)",
					"@executable_path/Frameworks",
				);
				MARKETING_VERSION = 1.0;
				PRODUCT_BUNDLE_IDENTIFIER = "com.ckost9n.Guessing-Game";
				PRODUCT_NAME = "$(TARGET_NAME)";
				SWIFT_EMIT_LOC_STRINGS = YES;
				SWIFT_VERSION = 5.0;
				TARGETED_DEVICE_FAMILY = 1;
			};
			name = Debug;
		};
		3C00287E283ABC3A00155250 /* Release */ = {
			isa = XCBuildConfiguration;
			buildSettings = {
				ASSETCATALOG_COMPILER_APPICON_NAME = AppIcon;
				ASSETCATALOG_COMPILER_GLOBAL_ACCENT_COLOR_NAME = AccentColor;
				CODE_SIGN_STYLE = Automatic;
				CURRENT_PROJECT_VERSION = 1;
				DEVELOPMENT_TEAM = RQYPG8XK25;
				GENERATE_INFOPLIST_FILE = YES;
				INFOPLIST_FILE = "Guessing Game/Resources/Info.plist";
				INFOPLIST_KEY_UIApplicationSupportsIndirectInputEvents = YES;
				INFOPLIST_KEY_UILaunchStoryboardName = LaunchScreen;
				INFOPLIST_KEY_UISupportedInterfaceOrientations = UIInterfaceOrientationPortrait;
				INFOPLIST_KEY_UISupportedInterfaceOrientations_iPad = "UIInterfaceOrientationPortrait UIInterfaceOrientationPortraitUpsideDown UIInterfaceOrientationLandscapeLeft UIInterfaceOrientationLandscapeRight";
				INFOPLIST_KEY_UISupportedInterfaceOrientations_iPhone = "UIInterfaceOrientationPortrait UIInterfaceOrientationLandscapeLeft UIInterfaceOrientationLandscapeRight";
				IPHONEOS_DEPLOYMENT_TARGET = 13.0;
				LD_RUNPATH_SEARCH_PATHS = (
					"$(inherited)",
					"@executable_path/Frameworks",
				);
				MARKETING_VERSION = 1.0;
				PRODUCT_BUNDLE_IDENTIFIER = "com.ckost9n.Guessing-Game";
				PRODUCT_NAME = "$(TARGET_NAME)";
				SWIFT_EMIT_LOC_STRINGS = YES;
				SWIFT_VERSION = 5.0;
				TARGETED_DEVICE_FAMILY = 1;
			};
			name = Release;
		};
/* End XCBuildConfiguration section */

/* Begin XCConfigurationList section */
		3C002863283ABC3600155250 /* Build configuration list for PBXProject "Guessing Game" */ = {
			isa = XCConfigurationList;
			buildConfigurations = (
				3C00287A283ABC3A00155250 /* Debug */,
				3C00287B283ABC3A00155250 /* Release */,
			);
			defaultConfigurationIsVisible = 0;
			defaultConfigurationName = Release;
		};
		3C00287C283ABC3A00155250 /* Build configuration list for PBXNativeTarget "Guessing Game" */ = {
			isa = XCConfigurationList;
			buildConfigurations = (
				3C00287D283ABC3A00155250 /* Debug */,
				3C00287E283ABC3A00155250 /* Release */,
			);
			defaultConfigurationIsVisible = 0;
			defaultConfigurationName = Release;
		};
/* End XCConfigurationList section */
	};
	rootObject = 3C002860283ABC3600155250 /* Project object */;
}
